
Microsoft Visual Studio Solution File, Format Version 12.00
# Visual Studio Version 16
VisualStudioVersion = 16.0.30523.141
MinimumVisualStudioVersion = 10.0.40219.1
Project("{FAE04EC0-301F-11D3-BF4B-00C04F79EFBC}") = "Finaltestcode", "Finaltestcode\Finaltestcode.csproj", "{CBBE30F4-A199-4505-A2E0-C3700B1DA403}"
EndProject
Global
	GlobalSection(SolutionConfigurationPlatforms) = preSolution
		Debug|Any CPU = Debug|Any CPU
		Release|Any CPU = Release|Any CPU
	EndGlobalSection
	GlobalSection(ProjectConfigurationPlatforms) = postSolution
		{CBBE30F4-A199-4505-A2E0-C3700B1DA403}.Debug|Any CPU.ActiveCfg = Debug|Any CPU
		{CBBE30F4-A199-4505-A2E0-C3700B1DA403}.Debug|Any CPU.Build.0 = Debug|Any CPU
		{CBBE30F4-A199-4505-A2E0-C3700B1DA403}.Release|Any CPU.ActiveCfg = Release|Any CPU
		{CBBE30F4-A199-4505-A2E0-C3700B1DA403}.Release|Any CPU.Build.0 = Release|Any CPU
	EndGlobalSection
	GlobalSection(SolutionProperties) = preSolution
		HideSolutionNode = FALSE
	EndGlobalSection
	GlobalSection(ExtensibilityGlobals) = postSolution
		SolutionGuid = {14C462E0-AC50-4616-9E83-895533D8D2FB}
	EndGlobalSection
EndGlobal
